
Microsoft Visual Studio Solution File, Format Version 11.00
# Visual C# Express 2010
Project("{FAE04EC0-301F-11D3-BF4B-00C04F79EFBC}") = "ZombiePong", "ZombiePong\ZombiePong\ZombiePong.csproj", "{BA442536-49D2-4AE5-99F0-716A9C014362}"
EndProject
Project("{96E2B04D-8817-42C6-938A-82C39BA4D311}") = "ZombiePongContent", "ZombiePong\ZombiePongContent\ZombiePongContent.contentproj", "{9434013A-4B39-4A41-B52C-F26112C32C3B}"
EndProject
Global
	GlobalSection(SolutionConfigurationPlatforms) = preSolution
		Debug|x86 = Debug|x86
		Release|x86 = Release|x86
	EndGlobalSection
	GlobalSection(ProjectConfigurationPlatforms) = postSolution
		{BA442536-49D2-4AE5-99F0-716A9C014362}.Debug|x86.ActiveCfg = Debug|x86
		{BA442536-49D2-4AE5-99F0-716A9C014362}.Debug|x86.Build.0 = Debug|x86
		{BA442536-49D2-4AE5-99F0-716A9C014362}.Release|x86.ActiveCfg = Release|x86
		{BA442536-49D2-4AE5-99F0-716A9C014362}.Release|x86.Build.0 = Release|x86
		{9434013A-4B39-4A41-B52C-F26112C32C3B}.Debug|x86.ActiveCfg = Debug|x86
		{9434013A-4B39-4A41-B52C-F26112C32C3B}.Release|x86.ActiveCfg = Release|x86
	EndGlobalSection
	GlobalSection(SolutionProperties) = preSolution
		HideSolutionNode = FALSE
	EndGlobalSection
EndGlobal
